
Microsoft Visual Studio Solution File, Format Version 12.00
# Visual Studio 15
VisualStudioVersion = 15.0.28010.2050
MinimumVisualStudioVersion = 10.0.40219.1
Project("{9A19103F-16F7-4668-BE54-9A1E7A4F7556}") = "00.CsharpStduy", "CsharpStduy\00.CsharpStduy.csproj", "{136BA929-2796-4C40-AD9F-FAC3DA573BD1}"
EndProject
Project("{9A19103F-16F7-4668-BE54-9A1E7A4F7556}") = "01.char형 변환", "char형 변환\01.char형 변환.csproj", "{616A04E5-C28F-45E9-A27C-C717035480FF}"
EndProject
Project("{9A19103F-16F7-4668-BE54-9A1E7A4F7556}") = "02.byte형", "byte형\02.byte형.csproj", "{C02F9B33-30A5-4E9C-86F0-93622A0B5C03}"
EndProject
Project("{9A19103F-16F7-4668-BE54-9A1E7A4F7556}") = "03.short형", "short형\03.short형.csproj", "{85CBE690-3488-40CE-BC89-488AA3E5A313}"
EndProject
Project("{9A19103F-16F7-4668-BE54-9A1E7A4F7556}") = "04.string형 문제 2개", "string형 문제 2개\04.string형 문제 2개.csproj", "{2AE772AA-4D2A-4B5E-A1A8-B56F5D386F3E}"
EndProject
Project("{9A19103F-16F7-4668-BE54-9A1E7A4F7556}") = "05.암시적 자료형 var형", "암시적 자료형 var형\05.암시적 자료형 var형.csproj", "{AF0EE0CD-02B7-4628-9790-FCC21DA9EEAB}"
EndProject
Project("{9A19103F-16F7-4668-BE54-9A1E7A4F7556}") = "06.nullable 형", "06.nullable 형\06.nullable 형.csproj", "{F952B0C8-16F3-4126-8010-16F6C38251C6}"
EndProject
Project("{9A19103F-16F7-4668-BE54-9A1E7A4F7556}") = "08.변환", "08.변환\08.변환.csproj", "{67466F41-38E3-43B1-B8A0-9B7D3B4FB986}"
EndProject
Project("{9A19103F-16F7-4668-BE54-9A1E7A4F7556}") = "09.cs", "09.cs\09.cs.csproj", "{F3BCEDFD-53EF-4FDF-8A93-05AC783D6098}"
EndProject
Project("{9A19103F-16F7-4668-BE54-9A1E7A4F7556}") = "10.박싱과 언박싱", "10.박싱과 언박싱\10.박싱과 언박싱.csproj", "{A168DFDB-114A-4345-8D21-55C1BB26F1A1}"
EndProject
Project("{9A19103F-16F7-4668-BE54-9A1E7A4F7556}") = "11.ConsoleKeyInfo 속성", "11.ConsoleKeyInfo 속성\11.ConsoleKeyInfo 속성.csproj", "{BD323992-2176-4369-A2A3-E77D526F78C2}"
EndProject
Project("{9A19103F-16F7-4668-BE54-9A1E7A4F7556}") = "12.ReadLine", "12.ReadLine\12.ReadLine.csproj", "{C8F13761-71B6-4087-8DF1-63B43A3677ED}"
EndProject
Project("{9A19103F-16F7-4668-BE54-9A1E7A4F7556}") = "13.Struct", "Struct\13.Struct.csproj", "{2D347FFE-E87D-4558-A1F1-DF56C2FB709B}"
EndProject
Project("{9A19103F-16F7-4668-BE54-9A1E7A4F7556}") = "13-1.Struct-2", "Struct-2\13-1.Struct-2.csproj", "{17EBA0F3-F16C-4B6E-A4BA-21DEBD4D8C6E}"
EndProject
Project("{9A19103F-16F7-4668-BE54-9A1E7A4F7556}") = "13-2.Struct 예제", "13-2.Struct 예제\13-2.Struct 예제.csproj", "{3E74AE4D-FF85-4F42-BB30-841A3C64B3A5}"
EndProject
Project("{9A19103F-16F7-4668-BE54-9A1E7A4F7556}") = "13-3.Struct 예제2(강의용)", "13-3.Struct 예제2(강의용)\13-3.Struct 예제2(강의용).csproj", "{497E9161-B482-4358-AAD6-349FE70F8405}"
EndProject
Project("{9A19103F-16F7-4668-BE54-9A1E7A4F7556}") = "14.열겨형", "14.열겨형\14.열겨형.csproj", "{C0D9455D-D036-49DC-8F2A-11E7711EF771}"
EndProject
Project("{9A19103F-16F7-4668-BE54-9A1E7A4F7556}") = "15.값 형식", "15.값 형식\15.값 형식.csproj", "{B8175F42-5E8E-41BF-B6CA-7A74B743E29D}"
EndProject
Project("{FAE04EC0-301F-11D3-BF4B-00C04F79EFBC}") = "16.기본 문법", "16.기본 문법\16.기본 문법.csproj", "{94BF889E-4725-4734-AB8E-3DA0A79D9437}"
EndProject
Project("{FAE04EC0-301F-11D3-BF4B-00C04F79EFBC}") = "Is연산자", "Is연산자\Is연산자.csproj", "{6497E683-0E26-411C-8270-B5FF694F052B}"
EndProject
Project("{FAE04EC0-301F-11D3-BF4B-00C04F79EFBC}") = "as연산자", "as연산자\as연산자.csproj", "{CC0B7C91-F516-4DAE-B321-CD9C6C0EBD6C}"
EndProject
Project("{FAE04EC0-301F-11D3-BF4B-00C04F79EFBC}") = "null병합 연산자", "null병합 연산자\null병합 연산자.csproj", "{F418E1B4-0E11-4F19-8BD4-9DBC7A65E461}"
EndProject
Project("{FAE04EC0-301F-11D3-BF4B-00C04F79EFBC}") = "제어문", "제어문\제어문.csproj", "{E53F5837-48BB-4C66-8194-6032603FDFE3}"
EndProject
Project("{FAE04EC0-301F-11D3-BF4B-00C04F79EFBC}") = "17.예외 처리문", "예외 처리문\17.예외 처리문.csproj", "{278984DF-5BFD-460E-B75A-E6D3CD963AE4}"
EndProject
Project("{FAE04EC0-301F-11D3-BF4B-00C04F79EFBC}") = "18.배열1", "18.배열1\18.배열1.csproj", "{61825BFB-0448-4783-BA11-02E7FDE2107B}"
EndProject
Project("{FAE04EC0-301F-11D3-BF4B-00C04F79EFBC}") = "19.배열2", "19.배열2\19.배열2.csproj", "{579A7D70-2668-4103-AF4A-2983F2B3D5DE}"
EndProject
Global
	GlobalSection(SolutionConfigurationPlatforms) = preSolution
		Debug|Any CPU = Debug|Any CPU
		Release|Any CPU = Release|Any CPU
	EndGlobalSection
	GlobalSection(ProjectConfigurationPlatforms) = postSolution
		{136BA929-2796-4C40-AD9F-FAC3DA573BD1}.Debug|Any CPU.ActiveCfg = Debug|Any CPU
		{136BA929-2796-4C40-AD9F-FAC3DA573BD1}.Debug|Any CPU.Build.0 = Debug|Any CPU
		{136BA929-2796-4C40-AD9F-FAC3DA573BD1}.Release|Any CPU.ActiveCfg = Release|Any CPU
		{136BA929-2796-4C40-AD9F-FAC3DA573BD1}.Release|Any CPU.Build.0 = Release|Any CPU
		{616A04E5-C28F-45E9-A27C-C717035480FF}.Debug|Any CPU.ActiveCfg = Debug|Any CPU
		{616A04E5-C28F-45E9-A27C-C717035480FF}.Debug|Any CPU.Build.0 = Debug|Any CPU
		{616A04E5-C28F-45E9-A27C-C717035480FF}.Release|Any CPU.ActiveCfg = Release|Any CPU
		{616A04E5-C28F-45E9-A27C-C717035480FF}.Release|Any CPU.Build.0 = Release|Any CPU
		{C02F9B33-30A5-4E9C-86F0-93622A0B5C03}.Debug|Any CPU.ActiveCfg = Debug|Any CPU
		{C02F9B33-30A5-4E9C-86F0-93622A0B5C03}.Debug|Any CPU.Build.0 = Debug|Any CPU
		{C02F9B33-30A5-4E9C-86F0-93622A0B5C03}.Release|Any CPU.ActiveCfg = Release|Any CPU
		{C02F9B33-30A5-4E9C-86F0-93622A0B5C03}.Release|Any CPU.Build.0 = Release|Any CPU
		{85CBE690-3488-40CE-BC89-488AA3E5A313}.Debug|Any CPU.ActiveCfg = Debug|Any CPU
		{85CBE690-3488-40CE-BC89-488AA3E5A313}.Debug|Any CPU.Build.0 = Debug|Any CPU
		{85CBE690-3488-40CE-BC89-488AA3E5A313}.Release|Any CPU.ActiveCfg = Release|Any CPU
		{85CBE690-3488-40CE-BC89-488AA3E5A313}.Release|Any CPU.Build.0 = Release|Any CPU
		{2AE772AA-4D2A-4B5E-A1A8-B56F5D386F3E}.Debug|Any CPU.ActiveCfg = Debug|Any CPU
		{2AE772AA-4D2A-4B5E-A1A8-B56F5D386F3E}.Debug|Any CPU.Build.0 = Debug|Any CPU
		{2AE772AA-4D2A-4B5E-A1A8-B56F5D386F3E}.Release|Any CPU.ActiveCfg = Release|Any CPU
		{2AE772AA-4D2A-4B5E-A1A8-B56F5D386F3E}.Release|Any CPU.Build.0 = Release|Any CPU
		{AF0EE0CD-02B7-4628-9790-FCC21DA9EEAB}.Debug|Any CPU.ActiveCfg = Debug|Any CPU
		{AF0EE0CD-02B7-4628-9790-FCC21DA9EEAB}.Debug|Any CPU.Build.0 = Debug|Any CPU
		{AF0EE0CD-02B7-4628-9790-FCC21DA9EEAB}.Release|Any CPU.ActiveCfg = Release|Any CPU
		{AF0EE0CD-02B7-4628-9790-FCC21DA9EEAB}.Release|Any CPU.Build.0 = Release|Any CPU
		{F952B0C8-16F3-4126-8010-16F6C38251C6}.Debug|Any CPU.ActiveCfg = Debug|Any CPU
		{F952B0C8-16F3-4126-8010-16F6C38251C6}.Debug|Any CPU.Build.0 = Debug|Any CPU
		{F952B0C8-16F3-4126-8010-16F6C38251C6}.Release|Any CPU.ActiveCfg = Release|Any CPU
		{F952B0C8-16F3-4126-8010-16F6C38251C6}.Release|Any CPU.Build.0 = Release|Any CPU
		{67466F41-38E3-43B1-B8A0-9B7D3B4FB986}.Debug|Any CPU.ActiveCfg = Debug|Any CPU
		{67466F41-38E3-43B1-B8A0-9B7D3B4FB986}.Debug|Any CPU.Build.0 = Debug|Any CPU
		{67466F41-38E3-43B1-B8A0-9B7D3B4FB986}.Release|Any CPU.ActiveCfg = Release|Any CPU
		{67466F41-38E3-43B1-B8A0-9B7D3B4FB986}.Release|Any CPU.Build.0 = Release|Any CPU
		{F3BCEDFD-53EF-4FDF-8A93-05AC783D6098}.Debug|Any CPU.ActiveCfg = Debug|Any CPU
		{F3BCEDFD-53EF-4FDF-8A93-05AC783D6098}.Debug|Any CPU.Build.0 = Debug|Any CPU
		{F3BCEDFD-53EF-4FDF-8A93-05AC783D6098}.Release|Any CPU.ActiveCfg = Release|Any CPU
		{F3BCEDFD-53EF-4FDF-8A93-05AC783D6098}.Release|Any CPU.Build.0 = Release|Any CPU
		{A168DFDB-114A-4345-8D21-55C1BB26F1A1}.Debug|Any CPU.ActiveCfg = Debug|Any CPU
		{A168DFDB-114A-4345-8D21-55C1BB26F1A1}.Debug|Any CPU.Build.0 = Debug|Any CPU
		{A168DFDB-114A-4345-8D21-55C1BB26F1A1}.Release|Any CPU.ActiveCfg = Release|Any CPU
		{A168DFDB-114A-4345-8D21-55C1BB26F1A1}.Release|Any CPU.Build.0 = Release|Any CPU
		{BD323992-2176-4369-A2A3-E77D526F78C2}.Debug|Any CPU.ActiveCfg = Debug|Any CPU
		{BD323992-2176-4369-A2A3-E77D526F78C2}.Debug|Any CPU.Build.0 = Debug|Any CPU
		{BD323992-2176-4369-A2A3-E77D526F78C2}.Release|Any CPU.ActiveCfg = Release|Any CPU
		{BD323992-2176-4369-A2A3-E77D526F78C2}.Release|Any CPU.Build.0 = Release|Any CPU
		{C8F13761-71B6-4087-8DF1-63B43A3677ED}.Debug|Any CPU.ActiveCfg = Debug|Any CPU
		{C8F13761-71B6-4087-8DF1-63B43A3677ED}.Debug|Any CPU.Build.0 = Debug|Any CPU
		{C8F13761-71B6-4087-8DF1-63B43A3677ED}.Release|Any CPU.ActiveCfg = Release|Any CPU
		{C8F13761-71B6-4087-8DF1-63B43A3677ED}.Release|Any CPU.Build.0 = Release|Any CPU
		{2D347FFE-E87D-4558-A1F1-DF56C2FB709B}.Debug|Any CPU.ActiveCfg = Debug|Any CPU
		{2D347FFE-E87D-4558-A1F1-DF56C2FB709B}.Debug|Any CPU.Build.0 = Debug|Any CPU
		{2D347FFE-E87D-4558-A1F1-DF56C2FB709B}.Release|Any CPU.ActiveCfg = Release|Any CPU
		{2D347FFE-E87D-4558-A1F1-DF56C2FB709B}.Release|Any CPU.Build.0 = Release|Any CPU
		{17EBA0F3-F16C-4B6E-A4BA-21DEBD4D8C6E}.Debug|Any CPU.ActiveCfg = Debug|Any CPU
		{17EBA0F3-F16C-4B6E-A4BA-21DEBD4D8C6E}.Debug|Any CPU.Build.0 = Debug|Any CPU
		{17EBA0F3-F16C-4B6E-A4BA-21DEBD4D8C6E}.Release|Any CPU.ActiveCfg = Release|Any CPU
		{17EBA0F3-F16C-4B6E-A4BA-21DEBD4D8C6E}.Release|Any CPU.Build.0 = Release|Any CPU
		{3E74AE4D-FF85-4F42-BB30-841A3C64B3A5}.Debug|Any CPU.ActiveCfg = Debug|Any CPU
		{3E74AE4D-FF85-4F42-BB30-841A3C64B3A5}.Debug|Any CPU.Build.0 = Debug|Any CPU
		{3E74AE4D-FF85-4F42-BB30-841A3C64B3A5}.Release|Any CPU.ActiveCfg = Release|Any CPU
		{3E74AE4D-FF85-4F42-BB30-841A3C64B3A5}.Release|Any CPU.Build.0 = Release|Any CPU
		{497E9161-B482-4358-AAD6-349FE70F8405}.Debug|Any CPU.ActiveCfg = Debug|Any CPU
		{497E9161-B482-4358-AAD6-349FE70F8405}.Debug|Any CPU.Build.0 = Debug|Any CPU
		{497E9161-B482-4358-AAD6-349FE70F8405}.Release|Any CPU.ActiveCfg = Release|Any CPU
		{497E9161-B482-4358-AAD6-349FE70F8405}.Release|Any CPU.Build.0 = Release|Any CPU
		{C0D9455D-D036-49DC-8F2A-11E7711EF771}.Debug|Any CPU.ActiveCfg = Debug|Any CPU
		{C0D9455D-D036-49DC-8F2A-11E7711EF771}.Debug|Any CPU.Build.0 = Debug|Any CPU
		{C0D9455D-D036-49DC-8F2A-11E7711EF771}.Release|Any CPU.ActiveCfg = Release|Any CPU
		{C0D9455D-D036-49DC-8F2A-11E7711EF771}.Release|Any CPU.Build.0 = Release|Any CPU
		{B8175F42-5E8E-41BF-B6CA-7A74B743E29D}.Debug|Any CPU.ActiveCfg = Debug|Any CPU
		{B8175F42-5E8E-41BF-B6CA-7A74B743E29D}.Debug|Any CPU.Build.0 = Debug|Any CPU
		{B8175F42-5E8E-41BF-B6CA-7A74B743E29D}.Release|Any CPU.ActiveCfg = Release|Any CPU
		{B8175F42-5E8E-41BF-B6CA-7A74B743E29D}.Release|Any CPU.Build.0 = Release|Any CPU
		{94BF889E-4725-4734-AB8E-3DA0A79D9437}.Debug|Any CPU.ActiveCfg = Debug|Any CPU
		{94BF889E-4725-4734-AB8E-3DA0A79D9437}.Debug|Any CPU.Build.0 = Debug|Any CPU
		{94BF889E-4725-4734-AB8E-3DA0A79D9437}.Release|Any CPU.ActiveCfg = Release|Any CPU
		{94BF889E-4725-4734-AB8E-3DA0A79D9437}.Release|Any CPU.Build.0 = Release|Any CPU
		{6497E683-0E26-411C-8270-B5FF694F052B}.Debug|Any CPU.ActiveCfg = Debug|Any CPU
		{6497E683-0E26-411C-8270-B5FF694F052B}.Debug|Any CPU.Build.0 = Debug|Any CPU
		{6497E683-0E26-411C-8270-B5FF694F052B}.Release|Any CPU.ActiveCfg = Release|Any CPU
		{6497E683-0E26-411C-8270-B5FF694F052B}.Release|Any CPU.Build.0 = Release|Any CPU
		{CC0B7C91-F516-4DAE-B321-CD9C6C0EBD6C}.Debug|Any CPU.ActiveCfg = Debug|Any CPU
		{CC0B7C91-F516-4DAE-B321-CD9C6C0EBD6C}.Debug|Any CPU.Build.0 = Debug|Any CPU
		{CC0B7C91-F516-4DAE-B321-CD9C6C0EBD6C}.Release|Any CPU.ActiveCfg = Release|Any CPU
		{CC0B7C91-F516-4DAE-B321-CD9C6C0EBD6C}.Release|Any CPU.Build.0 = Release|Any CPU
		{F418E1B4-0E11-4F19-8BD4-9DBC7A65E461}.Debug|Any CPU.ActiveCfg = Debug|Any CPU
		{F418E1B4-0E11-4F19-8BD4-9DBC7A65E461}.Debug|Any CPU.Build.0 = Debug|Any CPU
		{F418E1B4-0E11-4F19-8BD4-9DBC7A65E461}.Release|Any CPU.ActiveCfg = Release|Any CPU
		{F418E1B4-0E11-4F19-8BD4-9DBC7A65E461}.Release|Any CPU.Build.0 = Release|Any CPU
		{E53F5837-48BB-4C66-8194-6032603FDFE3}.Debug|Any CPU.ActiveCfg = Debug|Any CPU
		{E53F5837-48BB-4C66-8194-6032603FDFE3}.Debug|Any CPU.Build.0 = Debug|Any CPU
		{E53F5837-48BB-4C66-8194-6032603FDFE3}.Release|Any CPU.ActiveCfg = Release|Any CPU
		{E53F5837-48BB-4C66-8194-6032603FDFE3}.Release|Any CPU.Build.0 = Release|Any CPU
		{278984DF-5BFD-460E-B75A-E6D3CD963AE4}.Debug|Any CPU.ActiveCfg = Debug|Any CPU
		{278984DF-5BFD-460E-B75A-E6D3CD963AE4}.Debug|Any CPU.Build.0 = Debug|Any CPU
		{278984DF-5BFD-460E-B75A-E6D3CD963AE4}.Release|Any CPU.ActiveCfg = Release|Any CPU
		{278984DF-5BFD-460E-B75A-E6D3CD963AE4}.Release|Any CPU.Build.0 = Release|Any CPU
		{61825BFB-0448-4783-BA11-02E7FDE2107B}.Debug|Any CPU.ActiveCfg = Debug|Any CPU
		{61825BFB-0448-4783-BA11-02E7FDE2107B}.Debug|Any CPU.Build.0 = Debug|Any CPU
		{61825BFB-0448-4783-BA11-02E7FDE2107B}.Release|Any CPU.ActiveCfg = Release|Any CPU
		{61825BFB-0448-4783-BA11-02E7FDE2107B}.Release|Any CPU.Build.0 = Release|Any CPU
		{579A7D70-2668-4103-AF4A-2983F2B3D5DE}.Debug|Any CPU.ActiveCfg = Debug|Any CPU
		{579A7D70-2668-4103-AF4A-2983F2B3D5DE}.Debug|Any CPU.Build.0 = Debug|Any CPU
		{579A7D70-2668-4103-AF4A-2983F2B3D5DE}.Release|Any CPU.ActiveCfg = Release|Any CPU
		{579A7D70-2668-4103-AF4A-2983F2B3D5DE}.Release|Any CPU.Build.0 = Release|Any CPU
	EndGlobalSection
	GlobalSection(SolutionProperties) = preSolution
		HideSolutionNode = FALSE
	EndGlobalSection
	GlobalSection(ExtensibilityGlobals) = postSolution
		SolutionGuid = {41133F70-8466-46AF-9CDD-325B98013986}
	EndGlobalSection
EndGlobal
